
Microsoft Visual Studio Solution File, Format Version 12.00
# Visual Studio Version 17
VisualStudioVersion = 17.7.34024.191
MinimumVisualStudioVersion = 10.0.40219.1
Project("{FAE04EC0-301F-11D3-BF4B-00C04F79EFBC}") = "PharmacyApi", "PharmacyApi\PharmacyApi.csproj", "{3A38989E-A737-44FF-A1DD-42C373087127}"
EndProject
Global
	GlobalSection(SolutionConfigurationPlatforms) = preSolution
		Debug|Any CPU = Debug|Any CPU
		Release|Any CPU = Release|Any CPU
	EndGlobalSection
	GlobalSection(ProjectConfigurationPlatforms) = postSolution
		{3A38989E-A737-44FF-A1DD-42C373087127}.Debug|Any CPU.ActiveCfg = Debug|Any CPU
		{3A38989E-A737-44FF-A1DD-42C373087127}.Debug|Any CPU.Build.0 = Debug|Any CPU
		{3A38989E-A737-44FF-A1DD-42C373087127}.Release|Any CPU.ActiveCfg = Release|Any CPU
		{3A38989E-A737-44FF-A1DD-42C373087127}.Release|Any CPU.Build.0 = Release|Any CPU
	EndGlobalSection
	GlobalSection(SolutionProperties) = preSolution
		HideSolutionNode = FALSE
	EndGlobalSection
	GlobalSection(ExtensibilityGlobals) = postSolution
		SolutionGuid = {EA531F94-7005-402F-ABD4-C3B7F4B8572E}
	EndGlobalSection
EndGlobal
